
Microsoft Visual Studio Solution File, Format Version 12.00
# Visual Studio Version 17
VisualStudioVersion = 17.3.32922.545
MinimumVisualStudioVersion = 10.0.40219.1
Project("{9A19103F-16F7-4668-BE54-9A1E7A4F7556}") = "Framework", "Framework\Framework.csproj", "{65E4D83C-B631-42FB-B085-DD296A5AEA34}"
EndProject
Project("{9A19103F-16F7-4668-BE54-9A1E7A4F7556}") = "Test.Suite", "Test.Suite\Test.Suite.csproj", "{136A8D2A-844E-4F8F-B20F-84E6ACD1C9AA}"
EndProject
Global
	GlobalSection(SolutionConfigurationPlatforms) = preSolution
		Debug|Any CPU = Debug|Any CPU
		Release|Any CPU = Release|Any CPU
	EndGlobalSection
	GlobalSection(ProjectConfigurationPlatforms) = postSolution
		{65E4D83C-B631-42FB-B085-DD296A5AEA34}.Debug|Any CPU.ActiveCfg = Debug|Any CPU
		{65E4D83C-B631-42FB-B085-DD296A5AEA34}.Debug|Any CPU.Build.0 = Debug|Any CPU
		{65E4D83C-B631-42FB-B085-DD296A5AEA34}.Release|Any CPU.ActiveCfg = Release|Any CPU
		{65E4D83C-B631-42FB-B085-DD296A5AEA34}.Release|Any CPU.Build.0 = Release|Any CPU
		{136A8D2A-844E-4F8F-B20F-84E6ACD1C9AA}.Debug|Any CPU.ActiveCfg = Debug|Any CPU
		{136A8D2A-844E-4F8F-B20F-84E6ACD1C9AA}.Debug|Any CPU.Build.0 = Debug|Any CPU
		{136A8D2A-844E-4F8F-B20F-84E6ACD1C9AA}.Release|Any CPU.ActiveCfg = Release|Any CPU
		{136A8D2A-844E-4F8F-B20F-84E6ACD1C9AA}.Release|Any CPU.Build.0 = Release|Any CPU
	EndGlobalSection
	GlobalSection(SolutionProperties) = preSolution
		HideSolutionNode = FALSE
	EndGlobalSection
	GlobalSection(ExtensibilityGlobals) = postSolution
		SolutionGuid = {4605205D-9B00-40FD-BE69-3D7E593B32A4}
	EndGlobalSection
EndGlobal
